
Microsoft Visual Studio Solution File, Format Version 11.00
# Visual Studio 2010
# SharpDevelop 5.1
Project("{FAE04EC0-301F-11D3-BF4B-00C04F79EFBC}") = "WSSRV", "WSSRV\WSSRV.csproj", "{1F065D74-4381-419D-A81E-E5A08AFE695B}"
EndProject
Global
	GlobalSection(SolutionConfigurationPlatforms) = preSolution
		Debug|Any CPU = Debug|Any CPU
		Release|Any CPU = Release|Any CPU
	EndGlobalSection
	GlobalSection(ProjectConfigurationPlatforms) = postSolution
		{1F065D74-4381-419D-A81E-E5A08AFE695B}.Debug|Any CPU.ActiveCfg = Debug|Any CPU
		{1F065D74-4381-419D-A81E-E5A08AFE695B}.Debug|Any CPU.Build.0 = Debug|Any CPU
		{1F065D74-4381-419D-A81E-E5A08AFE695B}.Release|Any CPU.ActiveCfg = Release|Any CPU
		{1F065D74-4381-419D-A81E-E5A08AFE695B}.Release|Any CPU.Build.0 = Release|Any CPU
	EndGlobalSection
EndGlobal
